// !$*UTF8*$!
{
	archiveVersion = 1;
	classes = {
	};
	objectVersion = 48;
	objects = {

/* Begin PBXBuildFile section */
		01154780B437C5F37909CE32 /* Pods_FundYoung.framework in Frameworks */ = {isa = PBXBuildFile; fileRef = 7BBA87351B9797884B1332C7 /* Pods_FundYoung.framework */; };
		A503938C203A98170086D54D /* LabelStyle1.swift in Sources */ = {isa = PBXBuildFile; fileRef = A503938B203A98170086D54D /* LabelStyle1.swift */; };
		A5039390203C2D6A0086D54D /* RebalanceVC.swift in Sources */ = {isa = PBXBuildFile; fileRef = A503938F203C2D6A0086D54D /* RebalanceVC.swift */; };
		A5039392203C39980086D54D /* PlanDataService.swift in Sources */ = {isa = PBXBuildFile; fileRef = A5039391203C39980086D54D /* PlanDataService.swift */; };
		A51A6F242056E38900048697 /* PlanCellStyle.swift in Sources */ = {isa = PBXBuildFile; fileRef = A51A6F232056E38900048697 /* PlanCellStyle.swift */; };
		A51A6F262056E44D00048697 /* termLblStyle.swift in Sources */ = {isa = PBXBuildFile; fileRef = A51A6F252056E44D00048697 /* termLblStyle.swift */; };
		A520BDC72080C6DE0062A595 /* Answer.swift in Sources */ = {isa = PBXBuildFile; fileRef = A520BDC62080C6DE0062A595 /* Answer.swift */; };
		A520BDC9208114010062A595 /* QuestionLabel.swift in Sources */ = {isa = PBXBuildFile; fileRef = A520BDC8208114000062A595 /* QuestionLabel.swift */; };
		A520BDCB208117790062A595 /* AnswerLbl.swift in Sources */ = {isa = PBXBuildFile; fileRef = A520BDCA208117790062A595 /* AnswerLbl.swift */; };
		A520BDCD2081D0510062A595 /* NewsVC.swift in Sources */ = {isa = PBXBuildFile; fileRef = A520BDCC2081D0510062A595 /* NewsVC.swift */; };
		A520BDD32081D0FA0062A595 /* KnowledgeVC.swift in Sources */ = {isa = PBXBuildFile; fileRef = A520BDD22081D0FA0062A595 /* KnowledgeVC.swift */; };
		A520BDD62081D2A10062A595 /* NotificationVC.swift in Sources */ = {isa = PBXBuildFile; fileRef = A520BDD52081D2A10062A595 /* NotificationVC.swift */; };
		A520BDD92081D2E80062A595 /* SearchFundsVC.swift in Sources */ = {isa = PBXBuildFile; fileRef = A520BDD82081D2E80062A595 /* SearchFundsVC.swift */; };
		A520BDDB208205CC0062A595 /* AccountManagementVC.swift in Sources */ = {isa = PBXBuildFile; fileRef = A520BDDA208205CC0062A595 /* AccountManagementVC.swift */; };
		A53440D9203A0D0400AC3508 /* lightGreyBtnBorder.swift in Sources */ = {isa = PBXBuildFile; fileRef = A53440D8203A0D0400AC3508 /* lightGreyBtnBorder.swift */; };
		A53440DB203A0D3000AC3508 /* DarkGreyBtnBorder.swift in Sources */ = {isa = PBXBuildFile; fileRef = A53440DA203A0D3000AC3508 /* DarkGreyBtnBorder.swift */; };
		A53440DD203A0D8600AC3508 /* TextFieldStyle1.swift in Sources */ = {isa = PBXBuildFile; fileRef = A53440DC203A0D8600AC3508 /* TextFieldStyle1.swift */; };
		A53440DF203A730800AC3508 /* UserDataService.swift in Sources */ = {isa = PBXBuildFile; fileRef = A53440DE203A730800AC3508 /* UserDataService.swift */; };
		A53F0EF0207942DA008B1679 /* fundTypesVC.swift in Sources */ = {isa = PBXBuildFile; fileRef = A53F0EEF207942DA008B1679 /* fundTypesVC.swift */; };
		A53F0EF420794407008B1679 /* TypesCell.swift in Sources */ = {isa = PBXBuildFile; fileRef = A53F0EF320794407008B1679 /* TypesCell.swift */; };
		A53F0EF6207A2756008B1679 /* AuthService.swift in Sources */ = {isa = PBXBuildFile; fileRef = A53F0EF5207A2756008B1679 /* AuthService.swift */; };
		A53F0EFB207A2CB6008B1679 /* SWRevealViewController.m in Sources */ = {isa = PBXBuildFile; fileRef = A53F0EF9207A2CB6008B1679 /* SWRevealViewController.m */; };
		A53F0EFF207A3D05008B1679 /* GradieantView.swift in Sources */ = {isa = PBXBuildFile; fileRef = A53F0EFE207A3D05008B1679 /* GradieantView.swift */; };
		A53F0F02207A4928008B1679 /* Constants.swift in Sources */ = {isa = PBXBuildFile; fileRef = A53F0F01207A4928008B1679 /* Constants.swift */; };
		A53F0F04207A74CB008B1679 /* SignUpVC.swift in Sources */ = {isa = PBXBuildFile; fileRef = A53F0F03207A74CB008B1679 /* SignUpVC.swift */; };
		A548A8272071156100C7E1AC /* SumaryPlanVC.swift in Sources */ = {isa = PBXBuildFile; fileRef = A548A8262071156100C7E1AC /* SumaryPlanVC.swift */; };
		A548A82920711EB500C7E1AC /* planTableCell.swift in Sources */ = {isa = PBXBuildFile; fileRef = A548A82820711EB500C7E1AC /* planTableCell.swift */; };
		A548A82E207282BB00C7E1AC /* Assets.xcassets in Resources */ = {isa = PBXBuildFile; fileRef = A548A82D207282BA00C7E1AC /* Assets.xcassets */; };
		A548A8322072A9C800C7E1AC /* DurationVC.swift in Sources */ = {isa = PBXBuildFile; fileRef = A548A8312072A9C800C7E1AC /* DurationVC.swift */; };
		A548A8342074B17E00C7E1AC /* fundRatio.swift in Sources */ = {isa = PBXBuildFile; fileRef = A548A8332074B17E00C7E1AC /* fundRatio.swift */; };
		A548A8362076711500C7E1AC /* customUIView.swift in Sources */ = {isa = PBXBuildFile; fileRef = A548A8352076711400C7E1AC /* customUIView.swift */; };
		A551F6ED203F210500A726A9 /* Question.swift in Sources */ = {isa = PBXBuildFile; fileRef = A551F6EC203F210500A726A9 /* Question.swift */; };
		A551F6EF203F316F00A726A9 /* AssesmentDataService.swift in Sources */ = {isa = PBXBuildFile; fileRef = A551F6EE203F316F00A726A9 /* AssesmentDataService.swift */; };
		A551F6F1203F3C0400A726A9 /* RiskAssesmentVC.swift in Sources */ = {isa = PBXBuildFile; fileRef = A551F6F0203F3C0400A726A9 /* RiskAssesmentVC.swift */; };
		A558E19D205939FA003627AA /* plancreating.swift in Sources */ = {isa = PBXBuildFile; fileRef = A558E19C205939FA003627AA /* plancreating.swift */; };
		A562799A203854E9000DF151 /* AppDelegate.swift in Sources */ = {isa = PBXBuildFile; fileRef = A5627999203854E9000DF151 /* AppDelegate.swift */; };
		A562799C203854E9000DF151 /* SignInVC.swift in Sources */ = {isa = PBXBuildFile; fileRef = A562799B203854E9000DF151 /* SignInVC.swift */; };
		A562799F203854E9000DF151 /* Main.storyboard in Resources */ = {isa = PBXBuildFile; fileRef = A562799D203854E9000DF151 /* Main.storyboard */; };
		A56279A4203854E9000DF151 /* LaunchScreen.storyboard in Resources */ = {isa = PBXBuildFile; fileRef = A56279A2203854E9000DF151 /* LaunchScreen.storyboard */; };
		A56279B0203867B4000DF151 /* identifyPlanDetailVC.swift in Sources */ = {isa = PBXBuildFile; fileRef = A56279AF203867B4000DF151 /* identifyPlanDetailVC.swift */; };
		A56279B2203867E6000DF151 /* fundRecommendationVC.swift in Sources */ = {isa = PBXBuildFile; fileRef = A56279B1203867E6000DF151 /* fundRecommendationVC.swift */; };
		A56279B62038682E000DF151 /* fundSelectionVC.swift in Sources */ = {isa = PBXBuildFile; fileRef = A56279B52038682E000DF151 /* fundSelectionVC.swift */; };
		A56279B82038685A000DF151 /* estimateSaving.swift in Sources */ = {isa = PBXBuildFile; fileRef = A56279B72038685A000DF151 /* estimateSaving.swift */; };
		A56279BA20386B21000DF151 /* User.swift in Sources */ = {isa = PBXBuildFile; fileRef = A56279B920386B21000DF151 /* User.swift */; };
		A56279BC20386B30000DF151 /* Plan.swift in Sources */ = {isa = PBXBuildFile; fileRef = A56279BB20386B30000DF151 /* Plan.swift */; };
		A56279BE20386B3F000DF151 /* Fund.swift in Sources */ = {isa = PBXBuildFile; fileRef = A56279BD20386B3F000DF151 /* Fund.swift */; };
		A567A0A3207E0F9D0019CEFA /* GoogleService-Info.plist in Resources */ = {isa = PBXBuildFile; fileRef = A567A0A2207E0F9D0019CEFA /* GoogleService-Info.plist */; };
		A57CC4C0206100EC0096E68E /* RecomendedFundCell.swift in Sources */ = {isa = PBXBuildFile; fileRef = A57CC4BF206100EC0096E68E /* RecomendedFundCell.swift */; };
		A5D082232067E6C900DAE50A /* RiskSelectedVC.swift in Sources */ = {isa = PBXBuildFile; fileRef = A5D082222067E6C900DAE50A /* RiskSelectedVC.swift */; };
		A5D082252067F58B00DAE50A /* txtfieldStyle.swift in Sources */ = {isa = PBXBuildFile; fileRef = A5D082242067F58B00DAE50A /* txtfieldStyle.swift */; };
		A5D08229206BA74200DAE50A /* namedVC.swift in Sources */ = {isa = PBXBuildFile; fileRef = A5D08228206BA74200DAE50A /* namedVC.swift */; };
		A5DEDBDF2039564100153CB3 /* FundCell.swift in Sources */ = {isa = PBXBuildFile; fileRef = A5DEDBDE2039564100153CB3 /* FundCell.swift */; };
		A5DEDBE220395AEF00153CB3 /* FundDataService.swift in Sources */ = {isa = PBXBuildFile; fileRef = A5DEDBE120395AEF00153CB3 /* FundDataService.swift */; };
		A5E76ABC208282920076958F /* NewsDataService.swift in Sources */ = {isa = PBXBuildFile; fileRef = A5E76ABB208282920076958F /* NewsDataService.swift */; };
		A5E76ABE208283B60076958F /* News.swift in Sources */ = {isa = PBXBuildFile; fileRef = A5E76ABD208283B60076958F /* News.swift */; };
		A5E76AC0208287FD0076958F /* NewsTableCell.swift in Sources */ = {isa = PBXBuildFile; fileRef = A5E76ABF208287FD0076958F /* NewsTableCell.swift */; };
		A5E76AC22082941C0076958F /* NewsContentVC.swift in Sources */ = {isa = PBXBuildFile; fileRef = A5E76AC12082941C0076958F /* NewsContentVC.swift */; };
		A5E76AC4208346630076958F /* NavibarCustom.swift in Sources */ = {isa = PBXBuildFile; fileRef = A5E76AC3208346630076958F /* NavibarCustom.swift */; };
		A5E76AC6208493CF0076958F /* MasterFundAllocationVC.swift in Sources */ = {isa = PBXBuildFile; fileRef = A5E76AC5208493CF0076958F /* MasterFundAllocationVC.swift */; };
		A5E76AC8208494000076958F /* fundSelfCreation.swift in Sources */ = {isa = PBXBuildFile; fileRef = A5E76AC7208494000076958F /* fundSelfCreation.swift */; };
/* End PBXBuildFile section */

/* Begin PBXFileReference section */
		241FD029DE3ED6439B9EF25F /* Pods-FundYoung.debug.xcconfig */ = {isa = PBXFileReference; includeInIndex = 1; lastKnownFileType = text.xcconfig; name = "Pods-FundYoung.debug.xcconfig"; path = "Pods/Target Support Files/Pods-FundYoung/Pods-FundYoung.debug.xcconfig"; sourceTree = "<group>"; };
		7BBA87351B9797884B1332C7 /* Pods_FundYoung.framework */ = {isa = PBXFileReference; explicitFileType = wrapper.framework; includeInIndex = 0; path = Pods_FundYoung.framework; sourceTree = BUILT_PRODUCTS_DIR; };
		A503938B203A98170086D54D /* LabelStyle1.swift */ = {isa = PBXFileReference; lastKnownFileType = sourcecode.swift; path = LabelStyle1.swift; sourceTree = "<group>"; };
		A503938F203C2D6A0086D54D /* RebalanceVC.swift */ = {isa = PBXFileReference; lastKnownFileType = sourcecode.swift; path = RebalanceVC.swift; sourceTree = "<group>"; };
		A5039391203C39980086D54D /* PlanDataService.swift */ = {isa = PBXFileReference; lastKnownFileType = sourcecode.swift; path = PlanDataService.swift; sourceTree = "<group>"; };
		A51A6F232056E38900048697 /* PlanCellStyle.swift */ = {isa = PBXFileReference; lastKnownFileType = sourcecode.swift; path = PlanCellStyle.swift; sourceTree = "<group>"; };
		A51A6F252056E44D00048697 /* termLblStyle.swift */ = {isa = PBXFileReference; lastKnownFileType = sourcecode.swift; path = termLblStyle.swift; sourceTree = "<group>"; };
		A520BDC62080C6DE0062A595 /* Answer.swift */ = {isa = PBXFileReference; lastKnownFileType = sourcecode.swift; path = Answer.swift; sourceTree = "<group>"; };
		A520BDC8208114000062A595 /* QuestionLabel.swift */ = {isa = PBXFileReference; lastKnownFileType = sourcecode.swift; path = QuestionLabel.swift; sourceTree = "<group>"; };
		A520BDCA208117790062A595 /* AnswerLbl.swift */ = {isa = PBXFileReference; lastKnownFileType = sourcecode.swift; path = AnswerLbl.swift; sourceTree = "<group>"; };
		A520BDCC2081D0510062A595 /* NewsVC.swift */ = {isa = PBXFileReference; lastKnownFileType = sourcecode.swift; path = NewsVC.swift; sourceTree = "<group>"; };
		A520BDD22081D0FA0062A595 /* KnowledgeVC.swift */ = {isa = PBXFileReference; lastKnownFileType = sourcecode.swift; path = KnowledgeVC.swift; sourceTree = "<group>"; };
		A520BDD52081D2A10062A595 /* NotificationVC.swift */ = {isa = PBXFileReference; lastKnownFileType = sourcecode.swift; path = NotificationVC.swift; sourceTree = "<group>"; };
		A520BDD82081D2E80062A595 /* SearchFundsVC.swift */ = {isa = PBXFileReference; lastKnownFileType = sourcecode.swift; path = SearchFundsVC.swift; sourceTree = "<group>"; };
		A520BDDA208205CC0062A595 /* AccountManagementVC.swift */ = {isa = PBXFileReference; lastKnownFileType = sourcecode.swift; path = AccountManagementVC.swift; sourceTree = "<group>"; };
		A53440D8203A0D0400AC3508 /* lightGreyBtnBorder.swift */ = {isa = PBXFileReference; lastKnownFileType = sourcecode.swift; path = lightGreyBtnBorder.swift; sourceTree = "<group>"; };
		A53440DA203A0D3000AC3508 /* DarkGreyBtnBorder.swift */ = {isa = PBXFileReference; lastKnownFileType = sourcecode.swift; path = DarkGreyBtnBorder.swift; sourceTree = "<group>"; };
		A53440DC203A0D8600AC3508 /* TextFieldStyle1.swift */ = {isa = PBXFileReference; lastKnownFileType = sourcecode.swift; path = TextFieldStyle1.swift; sourceTree = "<group>"; };
		A53440DE203A730800AC3508 /* UserDataService.swift */ = {isa = PBXFileReference; lastKnownFileType = sourcecode.swift; path = UserDataService.swift; sourceTree = "<group>"; };
		A53F0EEF207942DA008B1679 /* fundTypesVC.swift */ = {isa = PBXFileReference; lastKnownFileType = sourcecode.swift; path = fundTypesVC.swift; sourceTree = "<group>"; };
		A53F0EF320794407008B1679 /* TypesCell.swift */ = {isa = PBXFileReference; lastKnownFileType = sourcecode.swift; path = TypesCell.swift; sourceTree = "<group>"; };
		A53F0EF5207A2756008B1679 /* AuthService.swift */ = {isa = PBXFileReference; lastKnownFileType = sourcecode.swift; path = AuthService.swift; sourceTree = "<group>"; };
		A53F0EF8207A2CB5008B1679 /* FundYoung-Bridging-Header.h */ = {isa = PBXFileReference; lastKnownFileType = sourcecode.c.h; path = "FundYoung-Bridging-Header.h"; sourceTree = "<group>"; };
		A53F0EF9207A2CB6008B1679 /* SWRevealViewController.m */ = {isa = PBXFileReference; fileEncoding = 4; lastKnownFileType = sourcecode.c.objc; path = SWRevealViewController.m; sourceTree = "<group>"; };
		A53F0EFA207A2CB6008B1679 /* SWRevealViewController.h */ = {isa = PBXFileReference; fileEncoding = 4; lastKnownFileType = sourcecode.c.h; path = SWRevealViewController.h; sourceTree = "<group>"; };
		A53F0EFE207A3D05008B1679 /* GradieantView.swift */ = {isa = PBXFileReference; lastKnownFileType = sourcecode.swift; path = GradieantView.swift; sourceTree = "<group>"; };
		A53F0F01207A4928008B1679 /* Constants.swift */ = {isa = PBXFileReference; lastKnownFileType = sourcecode.swift; path = Constants.swift; sourceTree = "<group>"; };
		A53F0F03207A74CB008B1679 /* SignUpVC.swift */ = {isa = PBXFileReference; lastKnownFileType = sourcecode.swift; path = SignUpVC.swift; sourceTree = "<group>"; };
		A548A8262071156100C7E1AC /* SumaryPlanVC.swift */ = {isa = PBXFileReference; lastKnownFileType = sourcecode.swift; path = SumaryPlanVC.swift; sourceTree = "<group>"; };
		A548A82820711EB500C7E1AC /* planTableCell.swift */ = {isa = PBXFileReference; lastKnownFileType = sourcecode.swift; path = planTableCell.swift; sourceTree = "<group>"; };
		A548A82D207282BA00C7E1AC /* Assets.xcassets */ = {isa = PBXFileReference; lastKnownFileType = folder.assetcatalog; path = Assets.xcassets; sourceTree = "<group>"; };
		A548A8312072A9C800C7E1AC /* DurationVC.swift */ = {isa = PBXFileReference; lastKnownFileType = sourcecode.swift; path = DurationVC.swift; sourceTree = "<group>"; };
		A548A8332074B17E00C7E1AC /* fundRatio.swift */ = {isa = PBXFileReference; lastKnownFileType = sourcecode.swift; path = fundRatio.swift; sourceTree = "<group>"; };
		A548A8352076711400C7E1AC /* customUIView.swift */ = {isa = PBXFileReference; lastKnownFileType = sourcecode.swift; path = customUIView.swift; sourceTree = "<group>"; };
		A551F6EC203F210500A726A9 /* Question.swift */ = {isa = PBXFileReference; lastKnownFileType = sourcecode.swift; path = Question.swift; sourceTree = "<group>"; };
		A551F6EE203F316F00A726A9 /* AssesmentDataService.swift */ = {isa = PBXFileReference; lastKnownFileType = sourcecode.swift; path = AssesmentDataService.swift; sourceTree = "<group>"; };
		A551F6F0203F3C0400A726A9 /* RiskAssesmentVC.swift */ = {isa = PBXFileReference; lastKnownFileType = sourcecode.swift; path = RiskAssesmentVC.swift; sourceTree = "<group>"; wrapsLines = 0; };
		A558E19C205939FA003627AA /* plancreating.swift */ = {isa = PBXFileReference; lastKnownFileType = sourcecode.swift; path = plancreating.swift; sourceTree = "<group>"; };
		A5627996203854E9000DF151 /* FundYoung.app */ = {isa = PBXFileReference; explicitFileType = wrapper.application; includeInIndex = 0; path = FundYoung.app; sourceTree = BUILT_PRODUCTS_DIR; };
		A5627999203854E9000DF151 /* AppDelegate.swift */ = {isa = PBXFileReference; lastKnownFileType = sourcecode.swift; path = AppDelegate.swift; sourceTree = "<group>"; };
		A562799B203854E9000DF151 /* SignInVC.swift */ = {isa = PBXFileReference; lastKnownFileType = sourcecode.swift; path = SignInVC.swift; sourceTree = "<group>"; };
		A562799E203854E9000DF151 /* Base */ = {isa = PBXFileReference; lastKnownFileType = file.storyboard; name = Base; path = Base.lproj/Main.storyboard; sourceTree = "<group>"; };
		A56279A3203854E9000DF151 /* Base */ = {isa = PBXFileReference; lastKnownFileType = file.storyboard; name = Base; path = Base.lproj/LaunchScreen.storyboard; sourceTree = "<group>"; };
		A56279A5203854E9000DF151 /* Info.plist */ = {isa = PBXFileReference; lastKnownFileType = text.plist.xml; path = Info.plist; sourceTree = "<group>"; };
		A56279AF203867B4000DF151 /* identifyPlanDetailVC.swift */ = {isa = PBXFileReference; lastKnownFileType = sourcecode.swift; path = identifyPlanDetailVC.swift; sourceTree = "<group>"; };
		A56279B1203867E6000DF151 /* fundRecommendationVC.swift */ = {isa = PBXFileReference; lastKnownFileType = sourcecode.swift; path = fundRecommendationVC.swift; sourceTree = "<group>"; };
		A56279B52038682E000DF151 /* fundSelectionVC.swift */ = {isa = PBXFileReference; lastKnownFileType = sourcecode.swift; path = fundSelectionVC.swift; sourceTree = "<group>"; };
		A56279B72038685A000DF151 /* estimateSaving.swift */ = {isa = PBXFileReference; lastKnownFileType = sourcecode.swift; path = estimateSaving.swift; sourceTree = "<group>"; };
		A56279B920386B21000DF151 /* User.swift */ = {isa = PBXFileReference; lastKnownFileType = sourcecode.swift; path = User.swift; sourceTree = "<group>"; };
		A56279BB20386B30000DF151 /* Plan.swift */ = {isa = PBXFileReference; lastKnownFileType = sourcecode.swift; path = Plan.swift; sourceTree = "<group>"; };
		A56279BD20386B3F000DF151 /* Fund.swift */ = {isa = PBXFileReference; lastKnownFileType = sourcecode.swift; path = Fund.swift; sourceTree = "<group>"; };
		A567A0A2207E0F9D0019CEFA /* GoogleService-Info.plist */ = {isa = PBXFileReference; fileEncoding = 4; lastKnownFileType = text.plist.xml; path = "GoogleService-Info.plist"; sourceTree = "<group>"; };
		A57CC4BF206100EC0096E68E /* RecomendedFundCell.swift */ = {isa = PBXFileReference; lastKnownFileType = sourcecode.swift; path = RecomendedFundCell.swift; sourceTree = "<group>"; };
		A5D082222067E6C900DAE50A /* RiskSelectedVC.swift */ = {isa = PBXFileReference; lastKnownFileType = sourcecode.swift; path = RiskSelectedVC.swift; sourceTree = "<group>"; };
		A5D082242067F58B00DAE50A /* txtfieldStyle.swift */ = {isa = PBXFileReference; lastKnownFileType = sourcecode.swift; path = txtfieldStyle.swift; sourceTree = "<group>"; };
		A5D08228206BA74200DAE50A /* namedVC.swift */ = {isa = PBXFileReference; lastKnownFileType = sourcecode.swift; path = namedVC.swift; sourceTree = "<group>"; };
		A5DEDBDE2039564100153CB3 /* FundCell.swift */ = {isa = PBXFileReference; lastKnownFileType = sourcecode.swift; path = FundCell.swift; sourceTree = "<group>"; };
		A5DEDBE120395AEF00153CB3 /* FundDataService.swift */ = {isa = PBXFileReference; lastKnownFileType = sourcecode.swift; path = FundDataService.swift; sourceTree = "<group>"; };
		A5E76ABB208282920076958F /* NewsDataService.swift */ = {isa = PBXFileReference; lastKnownFileType = sourcecode.swift; path = NewsDataService.swift; sourceTree = "<group>"; };
		A5E76ABD208283B60076958F /* News.swift */ = {isa = PBXFileReference; lastKnownFileType = sourcecode.swift; path = News.swift; sourceTree = "<group>"; };
		A5E76ABF208287FD0076958F /* NewsTableCell.swift */ = {isa = PBXFileReference; lastKnownFileType = sourcecode.swift; path = NewsTableCell.swift; sourceTree = "<group>"; };
		A5E76AC12082941C0076958F /* NewsContentVC.swift */ = {isa = PBXFileReference; lastKnownFileType = sourcecode.swift; path = NewsContentVC.swift; sourceTree = "<group>"; };
		A5E76AC3208346630076958F /* NavibarCustom.swift */ = {isa = PBXFileReference; lastKnownFileType = sourcecode.swift; path = NavibarCustom.swift; sourceTree = "<group>"; };
		A5E76AC5208493CF0076958F /* MasterFundAllocationVC.swift */ = {isa = PBXFileReference; lastKnownFileType = sourcecode.swift; path = MasterFundAllocationVC.swift; sourceTree = "<group>"; };
		A5E76AC7208494000076958F /* fundSelfCreation.swift */ = {isa = PBXFileReference; lastKnownFileType = sourcecode.swift; path = fundSelfCreation.swift; sourceTree = "<group>"; };
		C8BC92BC8BC0F0A90E3CCD66 /* Pods-FundYoung.release.xcconfig */ = {isa = PBXFileReference; includeInIndex = 1; lastKnownFileType = text.xcconfig; name = "Pods-FundYoung.release.xcconfig"; path = "Pods/Target Support Files/Pods-FundYoung/Pods-FundYoung.release.xcconfig"; sourceTree = "<group>"; };
/* End PBXFileReference section */

/* Begin PBXFrameworksBuildPhase section */
		A5627993203854E9000DF151 /* Frameworks */ = {
			isa = PBXFrameworksBuildPhase;
			buildActionMask = 2147483647;
			files = (
				01154780B437C5F37909CE32 /* Pods_FundYoung.framework in Frameworks */,
			);
			runOnlyForDeploymentPostprocessing = 0;
		};
/* End PBXFrameworksBuildPhase section */

/* Begin PBXGroup section */
		6871935F385AE18CE7AD9184 /* Frameworks */ = {
			isa = PBXGroup;
			children = (
				7BBA87351B9797884B1332C7 /* Pods_FundYoung.framework */,
			);
			name = Frameworks;
			sourceTree = "<group>";
		};
		A520BDCE2081D0610062A595 /* News */ = {
			isa = PBXGroup;
			children = (
				A520BDCC2081D0510062A595 /* NewsVC.swift */,
				A5E76AC12082941C0076958F /* NewsContentVC.swift */,
			);
			path = News;
			sourceTree = "<group>";
		};
		A520BDCF2081D07E0062A595 /* Knowledge */ = {
			isa = PBXGroup;
			children = (
				A520BDD22081D0FA0062A595 /* KnowledgeVC.swift */,
			);
			path = Knowledge;
			sourceTree = "<group>";
		};
		A520BDD02081D08D0062A595 /* Authentication */ = {
			isa = PBXGroup;
			children = (
				A562799B203854E9000DF151 /* SignInVC.swift */,
				A53F0F03207A74CB008B1679 /* SignUpVC.swift */,
				A520BDDA208205CC0062A595 /* AccountManagementVC.swift */,
			);
			path = Authentication;
			sourceTree = "<group>";
		};
		A520BDD12081D0B20062A595 /* Goal */ = {
			isa = PBXGroup;
			children = (
				A548A8262071156100C7E1AC /* SumaryPlanVC.swift */,
				A56279AF203867B4000DF151 /* identifyPlanDetailVC.swift */,
				A548A8312072A9C800C7E1AC /* DurationVC.swift */,
				A56279B1203867E6000DF151 /* fundRecommendationVC.swift */,
				A53F0EEF207942DA008B1679 /* fundTypesVC.swift */,
				A56279B52038682E000DF151 /* fundSelectionVC.swift */,
				A56279B72038685A000DF151 /* estimateSaving.swift */,
				A503938F203C2D6A0086D54D /* RebalanceVC.swift */,
				A551F6F0203F3C0400A726A9 /* RiskAssesmentVC.swift */,
				A5D082222067E6C900DAE50A /* RiskSelectedVC.swift */,
				A5D08228206BA74200DAE50A /* namedVC.swift */,
				A5E76AC5208493CF0076958F /* MasterFundAllocationVC.swift */,
				A5E76AC7208494000076958F /* fundSelfCreation.swift */,
			);
			path = Goal;
			sourceTree = "<group>";
		};
		A520BDD42081D27F0062A595 /* Notification */ = {
			isa = PBXGroup;
			children = (
				A520BDD52081D2A10062A595 /* NotificationVC.swift */,
			);
			path = Notification;
			sourceTree = "<group>";
		};
		A520BDD72081D2D00062A595 /* Funds */ = {
			isa = PBXGroup;
			children = (
				A520BDD82081D2E80062A595 /* SearchFundsVC.swift */,
			);
			path = Funds;
			sourceTree = "<group>";
		};
		A53F0EF7207A2C57008B1679 /* Supporting files */ = {
			isa = PBXGroup;
			children = (
				A53F0EFA207A2CB6008B1679 /* SWRevealViewController.h */,
				A53F0EF9207A2CB6008B1679 /* SWRevealViewController.m */,
				A53F0EF8207A2CB5008B1679 /* FundYoung-Bridging-Header.h */,
			);
			path = "Supporting files";
			sourceTree = "<group>";
		};
		A53F0F00207A48EC008B1679 /* Utilities */ = {
			isa = PBXGroup;
			children = (
				A53F0F01207A4928008B1679 /* Constants.swift */,
			);
			path = Utilities;
			sourceTree = "<group>";
		};
		A562798D203854E9000DF151 = {
			isa = PBXGroup;
			children = (
				A5627998203854E9000DF151 /* FundYoung */,
				A5627997203854E9000DF151 /* Products */,
				FC29A7C0D123B3A13999F359 /* Pods */,
				6871935F385AE18CE7AD9184 /* Frameworks */,
			);
			sourceTree = "<group>";
		};
		A5627997203854E9000DF151 /* Products */ = {
			isa = PBXGroup;
			children = (
				A5627996203854E9000DF151 /* FundYoung.app */,
			);
			name = Products;
			sourceTree = "<group>";
		};
		A5627998203854E9000DF151 /* FundYoung */ = {
			isa = PBXGroup;
			children = (
				A53F0F00207A48EC008B1679 /* Utilities */,
				A53F0EF7207A2C57008B1679 /* Supporting files */,
				A5DEDBE020395ABE00153CB3 /*  Services */,
				A56279BF20386BAF000DF151 /* View */,
				A56279AC20386719000DF151 /* Controller */,
				A56279AB20386709000DF151 /* Model */,
				A5627999203854E9000DF151 /* AppDelegate.swift */,
				A562799D203854E9000DF151 /* Main.storyboard */,
				A56279A2203854E9000DF151 /* LaunchScreen.storyboard */,
				A567A0A2207E0F9D0019CEFA /* GoogleService-Info.plist */,
				A56279A5203854E9000DF151 /* Info.plist */,
				A548A82D207282BA00C7E1AC /* Assets.xcassets */,
			);
			path = FundYoung;
			sourceTree = "<group>";
		};
		A56279AB20386709000DF151 /* Model */ = {
			isa = PBXGroup;
			children = (
				A56279B920386B21000DF151 /* User.swift */,
				A56279BB20386B30000DF151 /* Plan.swift */,
				A56279BD20386B3F000DF151 /* Fund.swift */,
				A551F6EC203F210500A726A9 /* Question.swift */,
				A558E19C205939FA003627AA /* plancreating.swift */,
				A548A8332074B17E00C7E1AC /* fundRatio.swift */,
				A520BDC62080C6DE0062A595 /* Answer.swift */,
				A5E76ABD208283B60076958F /* News.swift */,
			);
			path = Model;
			sourceTree = "<group>";
		};
		A56279AC20386719000DF151 /* Controller */ = {
			isa = PBXGroup;
			children = (
				A520BDD02081D08D0062A595 /* Authentication */,
				A520BDCE2081D0610062A595 /* News */,
				A520BDCF2081D07E0062A595 /* Knowledge */,
				A520BDD12081D0B20062A595 /* Goal */,
				A520BDD72081D2D00062A595 /* Funds */,
				A520BDD42081D27F0062A595 /* Notification */,
			);
			path = Controller;
			sourceTree = "<group>";
		};
		A56279BF20386BAF000DF151 /* View */ = {
			isa = PBXGroup;
			children = (
				A5DEDBDE2039564100153CB3 /* FundCell.swift */,
				A53440D8203A0D0400AC3508 /* lightGreyBtnBorder.swift */,
				A53440DA203A0D3000AC3508 /* DarkGreyBtnBorder.swift */,
				A53440DC203A0D8600AC3508 /* TextFieldStyle1.swift */,
				A503938B203A98170086D54D /* LabelStyle1.swift */,
				A51A6F232056E38900048697 /* PlanCellStyle.swift */,
				A51A6F252056E44D00048697 /* termLblStyle.swift */,
				A57CC4BF206100EC0096E68E /* RecomendedFundCell.swift */,
				A5D082242067F58B00DAE50A /* txtfieldStyle.swift */,
				A548A82820711EB500C7E1AC /* planTableCell.swift */,
				A548A8352076711400C7E1AC /* customUIView.swift */,
				A53F0EF320794407008B1679 /* TypesCell.swift */,
				A53F0EFE207A3D05008B1679 /* GradieantView.swift */,
				A520BDC8208114000062A595 /* QuestionLabel.swift */,
				A520BDCA208117790062A595 /* AnswerLbl.swift */,
				A5E76ABF208287FD0076958F /* NewsTableCell.swift */,
				A5E76AC3208346630076958F /* NavibarCustom.swift */,
			);
			path = View;
			sourceTree = "<group>";
		};
		A5DEDBE020395ABE00153CB3 /*  Services */ = {
			isa = PBXGroup;
			children = (
				A5DEDBE120395AEF00153CB3 /* FundDataService.swift */,
				A53440DE203A730800AC3508 /* UserDataService.swift */,
				A5039391203C39980086D54D /* PlanDataService.swift */,
				A551F6EE203F316F00A726A9 /* AssesmentDataService.swift */,
				A53F0EF5207A2756008B1679 /* AuthService.swift */,
				A5E76ABB208282920076958F /* NewsDataService.swift */,
			);
			path = " Services";
			sourceTree = "<group>";
		};
		FC29A7C0D123B3A13999F359 /* Pods */ = {
			isa = PBXGroup;
			children = (
				241FD029DE3ED6439B9EF25F /* Pods-FundYoung.debug.xcconfig */,
				C8BC92BC8BC0F0A90E3CCD66 /* Pods-FundYoung.release.xcconfig */,
			);
			name = Pods;
			sourceTree = "<group>";
		};
/* End PBXGroup section */

/* Begin PBXNativeTarget section */
		A5627995203854E9000DF151 /* FundYoung */ = {
			isa = PBXNativeTarget;
			buildConfigurationList = A56279A8203854E9000DF151 /* Build configuration list for PBXNativeTarget "FundYoung" */;
			buildPhases = (
				041FB950FECD557C4015BBAC /* [CP] Check Pods Manifest.lock */,
				A5627992203854E9000DF151 /* Sources */,
				A5627993203854E9000DF151 /* Frameworks */,
				A5627994203854E9000DF151 /* Resources */,
				0FC65608607AA5FF3CF50208 /* [CP] Embed Pods Frameworks */,
				F14534B8520E427B418277D2 /* [CP] Copy Pods Resources */,
			);
			buildRules = (
			);
			dependencies = (
			);
			name = FundYoung;
			productName = FundYoung;
			productReference = A5627996203854E9000DF151 /* FundYoung.app */;
			productType = "com.apple.product-type.application";
		};
/* End PBXNativeTarget section */

/* Begin PBXProject section */
		A562798E203854E9000DF151 /* Project object */ = {
			isa = PBXProject;
			attributes = {
				LastSwiftUpdateCheck = 0920;
				LastUpgradeCheck = 0920;
				ORGANIZATIONNAME = Janjao;
				TargetAttributes = {
					A5627995203854E9000DF151 = {
						CreatedOnToolsVersion = 9.2;
						LastSwiftMigration = 0930;
						ProvisioningStyle = Automatic;
					};
				};
			};
			buildConfigurationList = A5627991203854E9000DF151 /* Build configuration list for PBXProject "FundYoung" */;
			compatibilityVersion = "Xcode 8.0";
			developmentRegion = en;
			hasScannedForEncodings = 0;
			knownRegions = (
				en,
				Base,
			);
			mainGroup = A562798D203854E9000DF151;
			productRefGroup = A5627997203854E9000DF151 /* Products */;
			projectDirPath = "";
			projectRoot = "";
			targets = (
				A5627995203854E9000DF151 /* FundYoung */,
			);
		};
/* End PBXProject section */

/* Begin PBXResourcesBuildPhase section */
		A5627994203854E9000DF151 /* Resources */ = {
			isa = PBXResourcesBuildPhase;
			buildActionMask = 2147483647;
			files = (
				A56279A4203854E9000DF151 /* LaunchScreen.storyboard in Resources */,
				A567A0A3207E0F9D0019CEFA /* GoogleService-Info.plist in Resources */,
				A548A82E207282BB00C7E1AC /* Assets.xcassets in Resources */,
				A562799F203854E9000DF151 /* Main.storyboard in Resources */,
			);
			runOnlyForDeploymentPostprocessing = 0;
		};
/* End PBXResourcesBuildPhase section */

/* Begin PBXShellScriptBuildPhase section */
		041FB950FECD557C4015BBAC /* [CP] Check Pods Manifest.lock */ = {
			isa = PBXShellScriptBuildPhase;
			buildActionMask = 2147483647;
			files = (
			);
			inputPaths = (
				"${PODS_PODFILE_DIR_PATH}/Podfile.lock",
				"${PODS_ROOT}/Manifest.lock",
			);
			name = "[CP] Check Pods Manifest.lock";
			outputPaths = (
				"$(DERIVED_FILE_DIR)/Pods-FundYoung-checkManifestLockResult.txt",
			);
			runOnlyForDeploymentPostprocessing = 0;
			shellPath = /bin/sh;
			shellScript = "diff \"${PODS_PODFILE_DIR_PATH}/Podfile.lock\" \"${PODS_ROOT}/Manifest.lock\" > /dev/null\nif [ $? != 0 ] ; then\n    # print error to STDERR\n    echo \"error: The sandbox is not in sync with the Podfile.lock. Run 'pod install' or update your CocoaPods installation.\" >&2\n    exit 1\nfi\n# This output is used by Xcode 'outputs' to avoid re-running this script phase.\necho \"SUCCESS\" > \"${SCRIPT_OUTPUT_FILE_0}\"\n";
			showEnvVarsInLog = 0;
		};
		0FC65608607AA5FF3CF50208 /* [CP] Embed Pods Frameworks */ = {
			isa = PBXShellScriptBuildPhase;
			buildActionMask = 2147483647;
			files = (
			);
			inputPaths = (
				"${SRCROOT}/Pods/Target Support Files/Pods-FundYoung/Pods-FundYoung-frameworks.sh",
				"${BUILT_PRODUCTS_DIR}/Alamofire/Alamofire.framework",
				"${BUILT_PRODUCTS_DIR}/Charts/Charts.framework",
				"${BUILT_PRODUCTS_DIR}/GTMSessionFetcher/GTMSessionFetcher.framework",
				"${BUILT_PRODUCTS_DIR}/GoogleToolboxForMac/GoogleToolboxForMac.framework",
				"${BUILT_PRODUCTS_DIR}/Socket.IO-Client-Swift/SocketIO.framework",
				"${BUILT_PRODUCTS_DIR}/Starscream/Starscream.framework",
				"${BUILT_PRODUCTS_DIR}/SwiftyJSON/SwiftyJSON.framework",
				"${BUILT_PRODUCTS_DIR}/nanopb/nanopb.framework",
			);
			name = "[CP] Embed Pods Frameworks";
			outputPaths = (
				"${TARGET_BUILD_DIR}/${FRAMEWORKS_FOLDER_PATH}/Alamofire.framework",
				"${TARGET_BUILD_DIR}/${FRAMEWORKS_FOLDER_PATH}/Charts.framework",
				"${TARGET_BUILD_DIR}/${FRAMEWORKS_FOLDER_PATH}/GTMSessionFetcher.framework",
				"${TARGET_BUILD_DIR}/${FRAMEWORKS_FOLDER_PATH}/GoogleToolboxForMac.framework",
				"${TARGET_BUILD_DIR}/${FRAMEWORKS_FOLDER_PATH}/SocketIO.framework",
				"${TARGET_BUILD_DIR}/${FRAMEWORKS_FOLDER_PATH}/Starscream.framework",
				"${TARGET_BUILD_DIR}/${FRAMEWORKS_FOLDER_PATH}/SwiftyJSON.framework",
				"${TARGET_BUILD_DIR}/${FRAMEWORKS_FOLDER_PATH}/nanopb.framework",
			);
			runOnlyForDeploymentPostprocessing = 0;
			shellPath = /bin/sh;
			shellScript = "\"${SRCROOT}/Pods/Target Support Files/Pods-FundYoung/Pods-FundYoung-frameworks.sh\"\n";
			showEnvVarsInLog = 0;
		};
		F14534B8520E427B418277D2 /* [CP] Copy Pods Resources */ = {
			isa = PBXShellScriptBuildPhase;
			buildActionMask = 2147483647;
			files = (
			);
			inputPaths = (
			);
			name = "[CP] Copy Pods Resources";
			outputPaths = (
			);
			runOnlyForDeploymentPostprocessing = 0;
			shellPath = /bin/sh;
			shellScript = "\"${SRCROOT}/Pods/Target Support Files/Pods-FundYoung/Pods-FundYoung-resources.sh\"\n";
			showEnvVarsInLog = 0;
		};
/* End PBXShellScriptBuildPhase section */

/* Begin PBXSourcesBuildPhase section */
		A5627992203854E9000DF151 /* Sources */ = {
			isa = PBXSourcesBuildPhase;
			buildActionMask = 2147483647;
			files = (
				A5E76ABC208282920076958F /* NewsDataService.swift in Sources */,
				A520BDC72080C6DE0062A595 /* Answer.swift in Sources */,
				A548A8362076711500C7E1AC /* customUIView.swift in Sources */,
				A5E76AC22082941C0076958F /* NewsContentVC.swift in Sources */,
				A520BDD62081D2A10062A595 /* NotificationVC.swift in Sources */,
				A53F0EF6207A2756008B1679 /* AuthService.swift in Sources */,
				A56279B0203867B4000DF151 /* identifyPlanDetailVC.swift in Sources */,
				A57CC4C0206100EC0096E68E /* RecomendedFundCell.swift in Sources */,
				A562799C203854E9000DF151 /* SignInVC.swift in Sources */,
				A5039392203C39980086D54D /* PlanDataService.swift in Sources */,
				A56279B82038685A000DF151 /* estimateSaving.swift in Sources */,
				A53F0EF420794407008B1679 /* TypesCell.swift in Sources */,
				A520BDD32081D0FA0062A595 /* KnowledgeVC.swift in Sources */,
				A5E76AC8208494000076958F /* fundSelfCreation.swift in Sources */,
				A551F6EF203F316F00A726A9 /* AssesmentDataService.swift in Sources */,
				A503938C203A98170086D54D /* LabelStyle1.swift in Sources */,
				A520BDDB208205CC0062A595 /* AccountManagementVC.swift in Sources */,
				A520BDD92081D2E80062A595 /* SearchFundsVC.swift in Sources */,
				A551F6ED203F210500A726A9 /* Question.swift in Sources */,
				A53440D9203A0D0400AC3508 /* lightGreyBtnBorder.swift in Sources */,
				A5E76ABE208283B60076958F /* News.swift in Sources */,
				A520BDCB208117790062A595 /* AnswerLbl.swift in Sources */,
				A5E76AC4208346630076958F /* NavibarCustom.swift in Sources */,
				A5E76AC0208287FD0076958F /* NewsTableCell.swift in Sources */,
				A53F0EF0207942DA008B1679 /* fundTypesVC.swift in Sources */,
				A56279BC20386B30000DF151 /* Plan.swift in Sources */,
				A51A6F262056E44D00048697 /* termLblStyle.swift in Sources */,
				A53F0F04207A74CB008B1679 /* SignUpVC.swift in Sources */,
				A5039390203C2D6A0086D54D /* RebalanceVC.swift in Sources */,
				A558E19D205939FA003627AA /* plancreating.swift in Sources */,
				A562799A203854E9000DF151 /* AppDelegate.swift in Sources */,
				A51A6F242056E38900048697 /* PlanCellStyle.swift in Sources */,
				A548A8272071156100C7E1AC /* SumaryPlanVC.swift in Sources */,
				A53F0F02207A4928008B1679 /* Constants.swift in Sources */,
				A548A8342074B17E00C7E1AC /* fundRatio.swift in Sources */,
				A548A82920711EB500C7E1AC /* planTableCell.swift in Sources */,
				A551F6F1203F3C0400A726A9 /* RiskAssesmentVC.swift in Sources */,
				A56279BA20386B21000DF151 /* User.swift in Sources */,
				A5D082232067E6C900DAE50A /* RiskSelectedVC.swift in Sources */,
				A520BDC9208114010062A595 /* QuestionLabel.swift in Sources */,
				A5D082252067F58B00DAE50A /* txtfieldStyle.swift in Sources */,
				A56279B2203867E6000DF151 /* fundRecommendationVC.swift in Sources */,
				A53440DB203A0D3000AC3508 /* DarkGreyBtnBorder.swift in Sources */,
				A56279B62038682E000DF151 /* fundSelectionVC.swift in Sources */,
				A53440DD203A0D8600AC3508 /* TextFieldStyle1.swift in Sources */,
				A53440DF203A730800AC3508 /* UserDataService.swift in Sources */,
				A5D08229206BA74200DAE50A /* namedVC.swift in Sources */,
				A548A8322072A9C800C7E1AC /* DurationVC.swift in Sources */,
				A56279BE20386B3F000DF151 /* Fund.swift in Sources */,
				A53F0EFB207A2CB6008B1679 /* SWRevealViewController.m in Sources */,
				A5DEDBDF2039564100153CB3 /* FundCell.swift in Sources */,
				A520BDCD2081D0510062A595 /* NewsVC.swift in Sources */,
				A5E76AC6208493CF0076958F /* MasterFundAllocationVC.swift in Sources */,
				A53F0EFF207A3D05008B1679 /* GradieantView.swift in Sources */,
				A5DEDBE220395AEF00153CB3 /* FundDataService.swift in Sources */,
			);
			runOnlyForDeploymentPostprocessing = 0;
		};
/* End PBXSourcesBuildPhase section */

/* Begin PBXVariantGroup section */
		A562799D203854E9000DF151 /* Main.storyboard */ = {
			isa = PBXVariantGroup;
			children = (
				A562799E203854E9000DF151 /* Base */,
			);
			name = Main.storyboard;
			sourceTree = "<group>";
		};
		A56279A2203854E9000DF151 /* LaunchScreen.storyboard */ = {
			isa = PBXVariantGroup;
			children = (
				A56279A3203854E9000DF151 /* Base */,
			);
			name = LaunchScreen.storyboard;
			sourceTree = "<group>";
		};
/* End PBXVariantGroup section */

/* Begin XCBuildConfiguration section */
		A56279A6203854E9000DF151 /* Debug */ = {
			isa = XCBuildConfiguration;
			buildSettings = {
				ALWAYS_SEARCH_USER_PATHS = NO;
				CLANG_ANALYZER_NONNULL = YES;
				CLANG_ANALYZER_NUMBER_OBJECT_CONVERSION = YES_AGGRESSIVE;
				CLANG_CXX_LANGUAGE_STANDARD = "gnu++14";
				CLANG_CXX_LIBRARY = "libc++";
				CLANG_ENABLE_MODULES = YES;
				CLANG_ENABLE_OBJC_ARC = YES;
				CLANG_WARN_BLOCK_CAPTURE_AUTORELEASING = YES;
				CLANG_WARN_BOOL_CONVERSION = YES;
				CLANG_WARN_COMMA = YES;
				CLANG_WARN_CONSTANT_CONVERSION = YES;
				CLANG_WARN_DIRECT_OBJC_ISA_USAGE = YES_ERROR;
				CLANG_WARN_DOCUMENTATION_COMMENTS = YES;
				CLANG_WARN_EMPTY_BODY = YES;
				CLANG_WARN_ENUM_CONVERSION = YES;
				CLANG_WARN_INFINITE_RECURSION = YES;
				CLANG_WARN_INT_CONVERSION = YES;
				CLANG_WARN_NON_LITERAL_NULL_CONVERSION = YES;
				CLANG_WARN_OBJC_LITERAL_CONVERSION = YES;
				CLANG_WARN_OBJC_ROOT_CLASS = YES_ERROR;
				CLANG_WARN_RANGE_LOOP_ANALYSIS = YES;
				CLANG_WARN_STRICT_PROTOTYPES = YES;
				CLANG_WARN_SUSPICIOUS_MOVE = YES;
				CLANG_WARN_UNGUARDED_AVAILABILITY = YES_AGGRESSIVE;
				CLANG_WARN_UNREACHABLE_CODE = YES;
				CLANG_WARN__DUPLICATE_METHOD_MATCH = YES;
				CODE_SIGN_IDENTITY = "iPhone Developer";
				COPY_PHASE_STRIP = NO;
				DEBUG_INFORMATION_FORMAT = dwarf;
				ENABLE_STRICT_OBJC_MSGSEND = YES;
				ENABLE_TESTABILITY = YES;
				GCC_C_LANGUAGE_STANDARD = gnu11;
				GCC_DYNAMIC_NO_PIC = NO;
				GCC_NO_COMMON_BLOCKS = YES;
				GCC_OPTIMIZATION_LEVEL = 0;
				GCC_PREPROCESSOR_DEFINITIONS = (
					"DEBUG=1",
					"$(inherited)",
				);
				GCC_WARN_64_TO_32_BIT_CONVERSION = YES;
				GCC_WARN_ABOUT_RETURN_TYPE = YES_ERROR;
				GCC_WARN_UNDECLARED_SELECTOR = YES;
				GCC_WARN_UNINITIALIZED_AUTOS = YES_AGGRESSIVE;
				GCC_WARN_UNUSED_FUNCTION = YES;
				GCC_WARN_UNUSED_VARIABLE = YES;
				IPHONEOS_DEPLOYMENT_TARGET = 11.2;
				MTL_ENABLE_DEBUG_INFO = YES;
				ONLY_ACTIVE_ARCH = YES;
				SDKROOT = iphoneos;
				SWIFT_ACTIVE_COMPILATION_CONDITIONS = DEBUG;
				SWIFT_OPTIMIZATION_LEVEL = "-Onone";
			};
			name = Debug;
		};
		A56279A7203854E9000DF151 /* Release */ = {
			isa = XCBuildConfiguration;
			buildSettings = {
				ALWAYS_SEARCH_USER_PATHS = NO;
				CLANG_ANALYZER_NONNULL = YES;
				CLANG_ANALYZER_NUMBER_OBJECT_CONVERSION = YES_AGGRESSIVE;
				CLANG_CXX_LANGUAGE_STANDARD = "gnu++14";
				CLANG_CXX_LIBRARY = "libc++";
				CLANG_ENABLE_MODULES = YES;
				CLANG_ENABLE_OBJC_ARC = YES;
				CLANG_WARN_BLOCK_CAPTURE_AUTORELEASING = YES;
				CLANG_WARN_BOOL_CONVERSION = YES;
				CLANG_WARN_COMMA = YES;
				CLANG_WARN_CONSTANT_CONVERSION = YES;
				CLANG_WARN_DIRECT_OBJC_ISA_USAGE = YES_ERROR;
				CLANG_WARN_DOCUMENTATION_COMMENTS = YES;
				CLANG_WARN_EMPTY_BODY = YES;
				CLANG_WARN_ENUM_CONVERSION = YES;
				CLANG_WARN_INFINITE_RECURSION = YES;
				CLANG_WARN_INT_CONVERSION = YES;
				CLANG_WARN_NON_LITERAL_NULL_CONVERSION = YES;
				CLANG_WARN_OBJC_LITERAL_CONVERSION = YES;
				CLANG_WARN_OBJC_ROOT_CLASS = YES_ERROR;
				CLANG_WARN_RANGE_LOOP_ANALYSIS = YES;
				CLANG_WARN_STRICT_PROTOTYPES = YES;
				CLANG_WARN_SUSPICIOUS_MOVE = YES;
				CLANG_WARN_UNGUARDED_AVAILABILITY = YES_AGGRESSIVE;
				CLANG_WARN_UNREACHABLE_CODE = YES;
				CLANG_WARN__DUPLICATE_METHOD_MATCH = YES;
				CODE_SIGN_IDENTITY = "iPhone Developer";
				COPY_PHASE_STRIP = NO;
				DEBUG_INFORMATION_FORMAT = "dwarf-with-dsym";
				ENABLE_NS_ASSERTIONS = NO;
				ENABLE_STRICT_OBJC_MSGSEND = YES;
				GCC_C_LANGUAGE_STANDARD = gnu11;
				GCC_NO_COMMON_BLOCKS = YES;
				GCC_WARN_64_TO_32_BIT_CONVERSION = YES;
				GCC_WARN_ABOUT_RETURN_TYPE = YES_ERROR;
				GCC_WARN_UNDECLARED_SELECTOR = YES;
				GCC_WARN_UNINITIALIZED_AUTOS = YES_AGGRESSIVE;
				GCC_WARN_UNUSED_FUNCTION = YES;
				GCC_WARN_UNUSED_VARIABLE = YES;
				IPHONEOS_DEPLOYMENT_TARGET = 11.2;
				MTL_ENABLE_DEBUG_INFO = NO;
				SDKROOT = iphoneos;
				SWIFT_OPTIMIZATION_LEVEL = "-Owholemodule";
				VALIDATE_PRODUCT = YES;
			};
			name = Release;
		};
		A56279A9203854E9000DF151 /* Debug */ = {
			isa = XCBuildConfiguration;
			baseConfigurationReference = 241FD029DE3ED6439B9EF25F /* Pods-FundYoung.debug.xcconfig */;
			buildSettings = {
				ASSETCATALOG_COMPILER_APPICON_NAME = AppIcon;
				CLANG_ENABLE_MODULES = YES;
				CODE_SIGN_STYLE = Automatic;
				FRAMEWORK_SEARCH_PATHS = (
					"$(inherited)",
					"$(PROJECT_DIR)/Carthage/Build/iOS",
				);
				INFOPLIST_FILE = FundYoung/Info.plist;
				LD_RUNPATH_SEARCH_PATHS = "$(inherited) @executable_path/Frameworks";
				PRODUCT_BUNDLE_IDENTIFIER = CMU.FundYoung;
				PRODUCT_NAME = "$(TARGET_NAME)";
				SWIFT_OBJC_BRIDGING_HEADER = "FundYoung/Supporting files/FundYoung-Bridging-Header.h";
				SWIFT_OPTIMIZATION_LEVEL = "-Onone";
				SWIFT_VERSION = 4.0;
				TARGETED_DEVICE_FAMILY = "1,2";
			};
			name = Debug;
		};
		A56279AA203854E9000DF151 /* Release */ = {
			isa = XCBuildConfiguration;
			baseConfigurationReference = C8BC92BC8BC0F0A90E3CCD66 /* Pods-FundYoung.release.xcconfig */;
			buildSettings = {
				ASSETCATALOG_COMPILER_APPICON_NAME = AppIcon;
				CLANG_ENABLE_MODULES = YES;
				CODE_SIGN_STYLE = Automatic;
				FRAMEWORK_SEARCH_PATHS = (
					"$(inherited)",
					"$(PROJECT_DIR)/Carthage/Build/iOS",
				);
				INFOPLIST_FILE = FundYoung/Info.plist;
				LD_RUNPATH_SEARCH_PATHS = "$(inherited) @executable_path/Frameworks";
				PRODUCT_BUNDLE_IDENTIFIER = CMU.FundYoung;
				PRODUCT_NAME = "$(TARGET_NAME)";
				SWIFT_OBJC_BRIDGING_HEADER = "FundYoung/Supporting files/FundYoung-Bridging-Header.h";
				SWIFT_VERSION = 4.0;
				TARGETED_DEVICE_FAMILY = "1,2";
			};
			name = Release;
		};
/* End XCBuildConfiguration section */

/* Begin XCConfigurationList section */
		A5627991203854E9000DF151 /* Build configuration list for PBXProject "FundYoung" */ = {
			isa = XCConfigurationList;
			buildConfigurations = (
				A56279A6203854E9000DF151 /* Debug */,
				A56279A7203854E9000DF151 /* Release */,
			);
			defaultConfigurationIsVisible = 0;
			defaultConfigurationName = Release;
		};
		A56279A8203854E9000DF151 /* Build configuration list for PBXNativeTarget "FundYoung" */ = {
			isa = XCConfigurationList;
			buildConfigurations = (
				A56279A9203854E9000DF151 /* Debug */,
				A56279AA203854E9000DF151 /* Release */,
			);
			defaultConfigurationIsVisible = 0;
			defaultConfigurationName = Release;
		};
/* End XCConfigurationList section */
	};
	rootObject = A562798E203854E9000DF151 /* Project object */;
}
